
Microsoft Visual Studio Solution File, Format Version 12.00
Project("{FAE04EC0-301F-11D3-BF4B-00C04F79EFBC}") = "DotNetOverflow.QuestionAPI", "DotNetOverflow.QuestionAPI\DotNetOverflow.QuestionAPI.csproj", "{36E37C20-2EF5-4243-A8A5-628678A7F73B}"
EndProject
Project("{2150E333-8FDC-42A3-9474-1A3956D46DE8}") = "MicroServices", "MicroServices", "{8B07C321-838A-4AC7-8397-486F670C80D7}"
EndProject
Project("{FAE04EC0-301F-11D3-BF4B-00C04F79EFBC}") = "DotNetOverflow.Web", "DotNetOverflow.Web\DotNetOverflow.Web.csproj", "{FE954932-202A-4377-8876-8200A6D5C980}"
EndProject
Project("{FAE04EC0-301F-11D3-BF4B-00C04F79EFBC}") = "DotNetOverflow.Identity", "DotNetOverflow.Identity\DotNetOverflow.Identity.csproj", "{F574E84F-E51E-4A34-AC49-331DAE038398}"
EndProject
Project("{2150E333-8FDC-42A3-9474-1A3956D46DE8}") = "Core", "Core", "{99636376-C9C2-4556-94D7-12E562520A9C}"
EndProject
Project("{FAE04EC0-301F-11D3-BF4B-00C04F79EFBC}") = "DotNetOverflow.CommentAPI", "DotNetOverflow.CommentAPI\DotNetOverflow.CommentAPI.csproj", "{92DD7FAE-0915-4C5E-B849-8412D992410A}"
EndProject
Project("{FAE04EC0-301F-11D3-BF4B-00C04F79EFBC}") = "DotNetOverflow.LikeAPI", "DotNetOverflow.LikeAPI\DotNetOverflow.LikeAPI.csproj", "{0728CC10-87BE-4C9B-84B6-270671A9652F}"
EndProject
Project("{FAE04EC0-301F-11D3-BF4B-00C04F79EFBC}") = "DotNetOverflow.NewsAPI", "DotNetOverflow.NewsAPI\DotNetOverflow.NewsAPI.csproj", "{8F9A8D20-D7FC-477B-AA87-780F7DF413F6}"
EndProject
Project("{FAE04EC0-301F-11D3-BF4B-00C04F79EFBC}") = "DotNetOverflow.TeamsAPI", "DotNetOverflow.TeamsAPI\DotNetOverflow.TeamsAPI.csproj", "{EA225A68-B672-4D57-8A95-03C2E3B55CFC}"
EndProject
Project("{FAE04EC0-301F-11D3-BF4B-00C04F79EFBC}") = "DotNetOverflow.Core", "DotNetOverflow.Core\DotNetOverflow.Core.csproj", "{48D32EBB-B294-401B-866A-8DF87425A0A7}"
EndProject
Project("{2150E333-8FDC-42A3-9474-1A3956D46DE8}") = "Services", "Services", "{FBE9CE38-F9D0-4A8A-98C9-952A4C44E72F}"
EndProject
Project("{FAE04EC0-301F-11D3-BF4B-00C04F79EFBC}") = "DotNetOverflow.RabbitMq", "DotNetOverflow.RabbitMq\DotNetOverflow.RabbitMq.csproj", "{047F0C36-B263-41EF-B728-AC82EFF00BDD}"
EndProject
Project("{FAE04EC0-301F-11D3-BF4B-00C04F79EFBC}") = "DotNetOverflow.Email", "DotNetOverflow.Email\DotNetOverflow.Email.csproj", "{DC1161F9-9B65-4537-8810-D325F337FD70}"
EndProject
Project("{2150E333-8FDC-42A3-9474-1A3956D46DE8}") = "Database", "Database", "{FBB196AA-B95A-4E00-9537-FE1B1E536069}"
EndProject
Project("{FAE04EC0-301F-11D3-BF4B-00C04F79EFBC}") = "DotNetOverflow.Identity.DAL", "DotNetOverflow.Identity.DAL\DotNetOverflow.Identity.DAL.csproj", "{6B195547-7ADB-4CEE-BD4F-1C61D93EE27D}"
EndProject
Project("{FAE04EC0-301F-11D3-BF4B-00C04F79EFBC}") = "DotNetOverflow.ImageAPI", "DotNetOverflow.ImageAPI\DotNetOverflow.ImageAPI.csproj", "{5B774582-B2B7-4DC6-8AC0-88BB6A45C49B}"
EndProject
Project("{FAE04EC0-301F-11D3-BF4B-00C04F79EFBC}") = "DotNetOverflow.QuartZ", "DotNetOverflow.QuartZ\DotNetOverflow.QuartZ.csproj", "{09429540-A4FB-4309-BE12-7628ACE63CEA}"
EndProject
Project("{FAE04EC0-301F-11D3-BF4B-00C04F79EFBC}") = "DotNetOverflow.Metrics.DAL", "DotNetOverflow.Metrics.DAL\DotNetOverflow.Metrics.DAL.csproj", "{D3978976-4431-42FF-9C79-319BCBF1FB84}"
EndProject
Project("{2150E333-8FDC-42A3-9474-1A3956D46DE8}") = "Solution Items", "Solution Items", "{3DF02B13-F621-449C-B47A-4BF461677A85}"
	ProjectSection(SolutionItems) = preProject
		docker-compose.yml = docker-compose.yml
	EndProjectSection
EndProject
Project("{FAE04EC0-301F-11D3-BF4B-00C04F79EFBC}") = "DotNetOverflow.QuestionAPI.DAL", "DotNetOverflow.QuestionAPI.DAL\DotNetOverflow.QuestionAPI.DAL.csproj", "{E7B87ED4-3488-4978-8DD5-0FC6A9A92B06}"
EndProject
Project("{FAE04EC0-301F-11D3-BF4B-00C04F79EFBC}") = "DotNetOverflow.ImageAPI.DAL", "DotNetOverflow.ImageAPI.DAL\DotNetOverflow.ImageAPI.DAL.csproj", "{CEF8479A-6344-40EA-B85F-4358DB759C52}"
EndProject
Project("{2150E333-8FDC-42A3-9474-1A3956D46DE8}") = "Tests", "Tests", "{BE557244-4637-49E1-9D22-0B86BB9BFA59}"
EndProject
Project("{FAE04EC0-301F-11D3-BF4B-00C04F79EFBC}") = "DotNetOverflow.QuestionAPI.Tests", "DotNetOverflow.QuestionAPI.Tests\DotNetOverflow.QuestionAPI.Tests.csproj", "{71FA55C0-92FA-4788-B18C-054A83E76C5C}"
EndProject
Project("{FAE04EC0-301F-11D3-BF4B-00C04F79EFBC}") = "DotNetOverflow.Identity.Tests", "DotNetOverflow.Identity.Tests\DotNetOverflow.Identity.Tests.csproj", "{7E5E946F-7095-42F9-8729-B2432E599056}"
EndProject
Global
	GlobalSection(SolutionConfigurationPlatforms) = preSolution
		Debug|Any CPU = Debug|Any CPU
		Release|Any CPU = Release|Any CPU
	EndGlobalSection
	GlobalSection(ProjectConfigurationPlatforms) = postSolution
		{36E37C20-2EF5-4243-A8A5-628678A7F73B}.Debug|Any CPU.ActiveCfg = Debug|Any CPU
		{36E37C20-2EF5-4243-A8A5-628678A7F73B}.Debug|Any CPU.Build.0 = Debug|Any CPU
		{36E37C20-2EF5-4243-A8A5-628678A7F73B}.Release|Any CPU.ActiveCfg = Release|Any CPU
		{36E37C20-2EF5-4243-A8A5-628678A7F73B}.Release|Any CPU.Build.0 = Release|Any CPU
		{FE954932-202A-4377-8876-8200A6D5C980}.Debug|Any CPU.ActiveCfg = Debug|Any CPU
		{FE954932-202A-4377-8876-8200A6D5C980}.Debug|Any CPU.Build.0 = Debug|Any CPU
		{FE954932-202A-4377-8876-8200A6D5C980}.Release|Any CPU.ActiveCfg = Release|Any CPU
		{FE954932-202A-4377-8876-8200A6D5C980}.Release|Any CPU.Build.0 = Release|Any CPU
		{F574E84F-E51E-4A34-AC49-331DAE038398}.Debug|Any CPU.ActiveCfg = Debug|Any CPU
		{F574E84F-E51E-4A34-AC49-331DAE038398}.Debug|Any CPU.Build.0 = Debug|Any CPU
		{F574E84F-E51E-4A34-AC49-331DAE038398}.Release|Any CPU.ActiveCfg = Release|Any CPU
		{F574E84F-E51E-4A34-AC49-331DAE038398}.Release|Any CPU.Build.0 = Release|Any CPU
		{92DD7FAE-0915-4C5E-B849-8412D992410A}.Debug|Any CPU.ActiveCfg = Debug|Any CPU
		{92DD7FAE-0915-4C5E-B849-8412D992410A}.Debug|Any CPU.Build.0 = Debug|Any CPU
		{92DD7FAE-0915-4C5E-B849-8412D992410A}.Release|Any CPU.ActiveCfg = Release|Any CPU
		{92DD7FAE-0915-4C5E-B849-8412D992410A}.Release|Any CPU.Build.0 = Release|Any CPU
		{0728CC10-87BE-4C9B-84B6-270671A9652F}.Debug|Any CPU.ActiveCfg = Debug|Any CPU
		{0728CC10-87BE-4C9B-84B6-270671A9652F}.Debug|Any CPU.Build.0 = Debug|Any CPU
		{0728CC10-87BE-4C9B-84B6-270671A9652F}.Release|Any CPU.ActiveCfg = Release|Any CPU
		{0728CC10-87BE-4C9B-84B6-270671A9652F}.Release|Any CPU.Build.0 = Release|Any CPU
		{8F9A8D20-D7FC-477B-AA87-780F7DF413F6}.Debug|Any CPU.ActiveCfg = Debug|Any CPU
		{8F9A8D20-D7FC-477B-AA87-780F7DF413F6}.Debug|Any CPU.Build.0 = Debug|Any CPU
		{8F9A8D20-D7FC-477B-AA87-780F7DF413F6}.Release|Any CPU.ActiveCfg = Release|Any CPU
		{8F9A8D20-D7FC-477B-AA87-780F7DF413F6}.Release|Any CPU.Build.0 = Release|Any CPU
		{EA225A68-B672-4D57-8A95-03C2E3B55CFC}.Debug|Any CPU.ActiveCfg = Debug|Any CPU
		{EA225A68-B672-4D57-8A95-03C2E3B55CFC}.Debug|Any CPU.Build.0 = Debug|Any CPU
		{EA225A68-B672-4D57-8A95-03C2E3B55CFC}.Release|Any CPU.ActiveCfg = Release|Any CPU
		{EA225A68-B672-4D57-8A95-03C2E3B55CFC}.Release|Any CPU.Build.0 = Release|Any CPU
		{48D32EBB-B294-401B-866A-8DF87425A0A7}.Debug|Any CPU.ActiveCfg = Debug|Any CPU
		{48D32EBB-B294-401B-866A-8DF87425A0A7}.Debug|Any CPU.Build.0 = Debug|Any CPU
		{48D32EBB-B294-401B-866A-8DF87425A0A7}.Release|Any CPU.ActiveCfg = Release|Any CPU
		{48D32EBB-B294-401B-866A-8DF87425A0A7}.Release|Any CPU.Build.0 = Release|Any CPU
		{047F0C36-B263-41EF-B728-AC82EFF00BDD}.Debug|Any CPU.ActiveCfg = Debug|Any CPU
		{047F0C36-B263-41EF-B728-AC82EFF00BDD}.Debug|Any CPU.Build.0 = Debug|Any CPU
		{047F0C36-B263-41EF-B728-AC82EFF00BDD}.Release|Any CPU.ActiveCfg = Release|Any CPU
		{047F0C36-B263-41EF-B728-AC82EFF00BDD}.Release|Any CPU.Build.0 = Release|Any CPU
		{DC1161F9-9B65-4537-8810-D325F337FD70}.Debug|Any CPU.ActiveCfg = Debug|Any CPU
		{DC1161F9-9B65-4537-8810-D325F337FD70}.Debug|Any CPU.Build.0 = Debug|Any CPU
		{DC1161F9-9B65-4537-8810-D325F337FD70}.Release|Any CPU.ActiveCfg = Release|Any CPU
		{DC1161F9-9B65-4537-8810-D325F337FD70}.Release|Any CPU.Build.0 = Release|Any CPU
		{6B195547-7ADB-4CEE-BD4F-1C61D93EE27D}.Debug|Any CPU.ActiveCfg = Debug|Any CPU
		{6B195547-7ADB-4CEE-BD4F-1C61D93EE27D}.Debug|Any CPU.Build.0 = Debug|Any CPU
		{6B195547-7ADB-4CEE-BD4F-1C61D93EE27D}.Release|Any CPU.ActiveCfg = Release|Any CPU
		{6B195547-7ADB-4CEE-BD4F-1C61D93EE27D}.Release|Any CPU.Build.0 = Release|Any CPU
		{5B774582-B2B7-4DC6-8AC0-88BB6A45C49B}.Debug|Any CPU.ActiveCfg = Debug|Any CPU
		{5B774582-B2B7-4DC6-8AC0-88BB6A45C49B}.Debug|Any CPU.Build.0 = Debug|Any CPU
		{5B774582-B2B7-4DC6-8AC0-88BB6A45C49B}.Release|Any CPU.ActiveCfg = Release|Any CPU
		{5B774582-B2B7-4DC6-8AC0-88BB6A45C49B}.Release|Any CPU.Build.0 = Release|Any CPU
		{09429540-A4FB-4309-BE12-7628ACE63CEA}.Debug|Any CPU.ActiveCfg = Debug|Any CPU
		{09429540-A4FB-4309-BE12-7628ACE63CEA}.Debug|Any CPU.Build.0 = Debug|Any CPU
		{09429540-A4FB-4309-BE12-7628ACE63CEA}.Release|Any CPU.ActiveCfg = Release|Any CPU
		{09429540-A4FB-4309-BE12-7628ACE63CEA}.Release|Any CPU.Build.0 = Release|Any CPU
		{D3978976-4431-42FF-9C79-319BCBF1FB84}.Debug|Any CPU.ActiveCfg = Debug|Any CPU
		{D3978976-4431-42FF-9C79-319BCBF1FB84}.Debug|Any CPU.Build.0 = Debug|Any CPU
		{D3978976-4431-42FF-9C79-319BCBF1FB84}.Release|Any CPU.ActiveCfg = Release|Any CPU
		{D3978976-4431-42FF-9C79-319BCBF1FB84}.Release|Any CPU.Build.0 = Release|Any CPU
		{E7B87ED4-3488-4978-8DD5-0FC6A9A92B06}.Debug|Any CPU.ActiveCfg = Debug|Any CPU
		{E7B87ED4-3488-4978-8DD5-0FC6A9A92B06}.Debug|Any CPU.Build.0 = Debug|Any CPU
		{E7B87ED4-3488-4978-8DD5-0FC6A9A92B06}.Release|Any CPU.ActiveCfg = Release|Any CPU
		{E7B87ED4-3488-4978-8DD5-0FC6A9A92B06}.Release|Any CPU.Build.0 = Release|Any CPU
		{CEF8479A-6344-40EA-B85F-4358DB759C52}.Debug|Any CPU.ActiveCfg = Debug|Any CPU
		{CEF8479A-6344-40EA-B85F-4358DB759C52}.Debug|Any CPU.Build.0 = Debug|Any CPU
		{CEF8479A-6344-40EA-B85F-4358DB759C52}.Release|Any CPU.ActiveCfg = Release|Any CPU
		{CEF8479A-6344-40EA-B85F-4358DB759C52}.Release|Any CPU.Build.0 = Release|Any CPU
		{71FA55C0-92FA-4788-B18C-054A83E76C5C}.Debug|Any CPU.ActiveCfg = Debug|Any CPU
		{71FA55C0-92FA-4788-B18C-054A83E76C5C}.Debug|Any CPU.Build.0 = Debug|Any CPU
		{71FA55C0-92FA-4788-B18C-054A83E76C5C}.Release|Any CPU.ActiveCfg = Release|Any CPU
		{71FA55C0-92FA-4788-B18C-054A83E76C5C}.Release|Any CPU.Build.0 = Release|Any CPU
		{7E5E946F-7095-42F9-8729-B2432E599056}.Debug|Any CPU.ActiveCfg = Debug|Any CPU
		{7E5E946F-7095-42F9-8729-B2432E599056}.Debug|Any CPU.Build.0 = Debug|Any CPU
		{7E5E946F-7095-42F9-8729-B2432E599056}.Release|Any CPU.ActiveCfg = Release|Any CPU
		{7E5E946F-7095-42F9-8729-B2432E599056}.Release|Any CPU.Build.0 = Release|Any CPU
	EndGlobalSection
	GlobalSection(NestedProjects) = preSolution
		{36E37C20-2EF5-4243-A8A5-628678A7F73B} = {8B07C321-838A-4AC7-8397-486F670C80D7}
		{F574E84F-E51E-4A34-AC49-331DAE038398} = {8B07C321-838A-4AC7-8397-486F670C80D7}
		{92DD7FAE-0915-4C5E-B849-8412D992410A} = {8B07C321-838A-4AC7-8397-486F670C80D7}
		{0728CC10-87BE-4C9B-84B6-270671A9652F} = {8B07C321-838A-4AC7-8397-486F670C80D7}
		{8F9A8D20-D7FC-477B-AA87-780F7DF413F6} = {8B07C321-838A-4AC7-8397-486F670C80D7}
		{EA225A68-B672-4D57-8A95-03C2E3B55CFC} = {8B07C321-838A-4AC7-8397-486F670C80D7}
		{48D32EBB-B294-401B-866A-8DF87425A0A7} = {99636376-C9C2-4556-94D7-12E562520A9C}
		{047F0C36-B263-41EF-B728-AC82EFF00BDD} = {FBE9CE38-F9D0-4A8A-98C9-952A4C44E72F}
		{DC1161F9-9B65-4537-8810-D325F337FD70} = {FBE9CE38-F9D0-4A8A-98C9-952A4C44E72F}
		{6B195547-7ADB-4CEE-BD4F-1C61D93EE27D} = {FBB196AA-B95A-4E00-9537-FE1B1E536069}
		{5B774582-B2B7-4DC6-8AC0-88BB6A45C49B} = {8B07C321-838A-4AC7-8397-486F670C80D7}
		{09429540-A4FB-4309-BE12-7628ACE63CEA} = {FBE9CE38-F9D0-4A8A-98C9-952A4C44E72F}
		{D3978976-4431-42FF-9C79-319BCBF1FB84} = {FBB196AA-B95A-4E00-9537-FE1B1E536069}
		{E7B87ED4-3488-4978-8DD5-0FC6A9A92B06} = {FBB196AA-B95A-4E00-9537-FE1B1E536069}
		{CEF8479A-6344-40EA-B85F-4358DB759C52} = {FBB196AA-B95A-4E00-9537-FE1B1E536069}
		{71FA55C0-92FA-4788-B18C-054A83E76C5C} = {BE557244-4637-49E1-9D22-0B86BB9BFA59}
		{7E5E946F-7095-42F9-8729-B2432E599056} = {BE557244-4637-49E1-9D22-0B86BB9BFA59}
	EndGlobalSection
EndGlobal
